<?xml version="1.0" encoding="UTF-8" standalone="yes" ?>
<CodeBlocks_project_file>
	<FileVersion major="1" minor="6" />
	<Project>
		<Option title="GoGame" />
		<Option pch_mode="2" />
		<Option compiler="gcc" />
		<Build>
			<Target title="Debug">
				<Option output="bin/Debug/GoGame" prefix_auto="1" extension_auto="1" />
				<Option object_output="obj/Debug/" />
				<Option type="1" />
				<Option compiler="gcc" />
				<Compiler>
					<Add option="-g" />
				</Compiler>
				<Linker>
					<Add library="sfml-graphics-d" />
					<Add library="sfml-window-d" />
					<Add library="sfml-system-d" />
					<Add library="sfml-audio-d" />
				</Linker>
			</Target>
			<Target title="Release">
				<Option output="bin/Release/GoGame" prefix_auto="1" extension_auto="1" />
				<Option object_output="obj/Release/" />
				<Option type="1" />
				<Option compiler="gcc" />
				<Compiler>
					<Add option="-O2" />
				</Compiler>
				<Linker>
					<Add option="-s" />
					<Add library="sfml-graphics" />
					<Add library="sfml-window" />
					<Add library="sfml-system" />
					<Add library="sfml-audio" />
				</Linker>
			</Target>
		</Build>
		<Compiler>
			<Add option="-Wall" />
			<Add option="-fexceptions" />
			<Add directory="C:/Users/LENOVO/Documents/libraries/SFML-2.6.1/include" />
			<Add directory="D:/GoGame/include/GameCore" />
			<Add directory="D:/GoGame/include/UI" />
		</Compiler>
		<Linker>
			<Add directory="C:/Users/LENOVO/Documents/libraries/SFML-2.6.1/lib" />
		</Linker>
		<Unit filename="include/GameCore/Game.h" />
		<Unit filename="include/GameCore/GameLogic.h" />
		<Unit filename="include/GameCore/GameState.h" />
		<Unit filename="include/GameCore/GlobalSetting.h" />
		<Unit filename="include/GameCore/ResourceManager.h" />
		<Unit filename="include/GameCore/SaveDefinition.h" />
		<Unit filename="include/UI/About.h" />
		<Unit filename="include/UI/BoardBreathEffect.h" />
		<Unit filename="include/UI/Button.h" />
		<Unit filename="include/UI/GamePlay.h" />
		<Unit filename="include/UI/HistoryList.h" />
		<Unit filename="include/UI/IEffect.h" />
		<Unit filename="include/UI/MainMenu.h" />
		<Unit filename="include/UI/NewGame.h" />
		<Unit filename="include/UI/Pause.h" />
		<Unit filename="include/UI/RadioButton.h" />
		<Unit filename="include/UI/SavedGame.h" />
		<Unit filename="include/UI/ScaleEffect.h" />
		<Unit filename="include/UI/ScoringOverlay.h" />
		<Unit filename="include/UI/Setting.h" />
		<Unit filename="include/UI/SizeSelection.h" />
		<Unit filename="include/UI/SlideEffect.h" />
		<Unit filename="include/UI/Slider.h" />
		<Unit filename="include/UI/Stepper.h" />
		<Unit filename="include/UI/TimeLine.h" />
		<Unit filename="main.cpp" />
		<Unit filename="src/GameCore/Game.cpp" />
		<Unit filename="src/GameCore/GameLogic.cpp" />
		<Unit filename="src/GameCore/GameState.cpp" />
		<Unit filename="src/GameCore/ResourceManager.cpp" />
		<Unit filename="src/GameCore/SaveDefinition.cpp" />
		<Unit filename="src/UI/About.cpp" />
		<Unit filename="src/UI/BoardBreathEffect.cpp" />
		<Unit filename="src/UI/Button.cpp" />
		<Unit filename="src/UI/GamePlay.cpp" />
		<Unit filename="src/UI/GlobalSetting.cpp" />
		<Unit filename="src/UI/HistoryList.cpp" />
		<Unit filename="src/UI/MainMenu.cpp" />
		<Unit filename="src/UI/NewGame.cpp" />
		<Unit filename="src/UI/Pause.cpp" />
		<Unit filename="src/UI/RadioButton.cpp" />
		<Unit filename="src/UI/SavedGame.cpp" />
		<Unit filename="src/UI/ScaleEffect.cpp" />
		<Unit filename="src/UI/ScoringOverlay.cpp" />
		<Unit filename="src/UI/Setting.cpp" />
		<Unit filename="src/UI/SizeSelection.cpp" />
		<Unit filename="src/UI/SlideEffect.cpp" />
		<Unit filename="src/UI/Slider.cpp" />
		<Unit filename="src/UI/Stepper.cpp" />
		<Unit filename="src/UI/TimeLine.cpp" />
		<Extensions>
			<lib_finder disable_auto="1" />
		</Extensions>
	</Project>
</CodeBlocks_project_file>
